
Microsoft Visual Studio Solution File, Format Version 12.00
# Visual Studio Version 17
VisualStudioVersion = 17.7.34221.43
MinimumVisualStudioVersion = 10.0.40219.1
Project("{FAE04EC0-301F-11D3-BF4B-00C04F79EFBC}") = "StringCalculation", "StringCalculation\StringCalculation.csproj", "{F080CD09-6C95-4744-AC4B-986D763E0D82}"
EndProject
Project("{FAE04EC0-301F-11D3-BF4B-00C04F79EFBC}") = "ConsoleForCalculation", "ConsoleForCalculation\ConsoleForCalculation.csproj", "{14007E72-491A-4D35-BFEB-D6FAF642D115}"
EndProject
Global
	GlobalSection(SolutionConfigurationPlatforms) = preSolution
		Debug|Any CPU = Debug|Any CPU
		Release|Any CPU = Release|Any CPU
	EndGlobalSection
	GlobalSection(ProjectConfigurationPlatforms) = postSolution
		{F080CD09-6C95-4744-AC4B-986D763E0D82}.Debug|Any CPU.ActiveCfg = Debug|Any CPU
		{F080CD09-6C95-4744-AC4B-986D763E0D82}.Debug|Any CPU.Build.0 = Debug|Any CPU
		{F080CD09-6C95-4744-AC4B-986D763E0D82}.Release|Any CPU.ActiveCfg = Release|Any CPU
		{F080CD09-6C95-4744-AC4B-986D763E0D82}.Release|Any CPU.Build.0 = Release|Any CPU
		{14007E72-491A-4D35-BFEB-D6FAF642D115}.Debug|Any CPU.ActiveCfg = Debug|Any CPU
		{14007E72-491A-4D35-BFEB-D6FAF642D115}.Debug|Any CPU.Build.0 = Debug|Any CPU
		{14007E72-491A-4D35-BFEB-D6FAF642D115}.Release|Any CPU.ActiveCfg = Release|Any CPU
		{14007E72-491A-4D35-BFEB-D6FAF642D115}.Release|Any CPU.Build.0 = Release|Any CPU
	EndGlobalSection
	GlobalSection(SolutionProperties) = preSolution
		HideSolutionNode = FALSE
	EndGlobalSection
	GlobalSection(ExtensibilityGlobals) = postSolution
		SolutionGuid = {2FC36186-4BE6-4B24-87BC-0AD9DA515020}
	EndGlobalSection
EndGlobal
